
Microsoft Visual Studio Solution File, Format Version 12.00
# Visual Studio Version 17
VisualStudioVersion = 17.8.34322.80
MinimumVisualStudioVersion = 10.0.40219.1
Project("{9A19103F-16F7-4668-BE54-9A1E7A4F7556}") = "FixDemoVoiceChat", "FixDemoVoiceChat.csproj", "{A278B70A-796B-40B9-B61D-02CF831945C1}"
EndProject
Global
	GlobalSection(SolutionConfigurationPlatforms) = preSolution
		Debug|Any CPU = Debug|Any CPU
		Release|Any CPU = Release|Any CPU
	EndGlobalSection
	GlobalSection(ProjectConfigurationPlatforms) = postSolution
		{A278B70A-796B-40B9-B61D-02CF831945C1}.Debug|Any CPU.ActiveCfg = Debug|Any CPU
		{A278B70A-796B-40B9-B61D-02CF831945C1}.Debug|Any CPU.Build.0 = Debug|Any CPU
		{A278B70A-796B-40B9-B61D-02CF831945C1}.Release|Any CPU.ActiveCfg = Release|Any CPU
		{A278B70A-796B-40B9-B61D-02CF831945C1}.Release|Any CPU.Build.0 = Release|Any CPU
	EndGlobalSection
	GlobalSection(SolutionProperties) = preSolution
		HideSolutionNode = FALSE
	EndGlobalSection
	GlobalSection(ExtensibilityGlobals) = postSolution
		SolutionGuid = {E1C80CAA-F5EE-4EB5-83CE-28D67E858532}
	EndGlobalSection
EndGlobal
